
Microsoft Visual Studio Solution File, Format Version 12.00
# Visual Studio Version 17
VisualStudioVersion = 17.9.34728.123
MinimumVisualStudioVersion = 10.0.40219.1
Project("{9A19103F-16F7-4668-BE54-9A1E7A4F7556}") = "WebSocketsSample", "WebSocketsSample.csproj", "{B548C0F9-BB30-444B-AC6B-65FD9807C918}"
EndProject
Global
	GlobalSection(SolutionConfigurationPlatforms) = preSolution
		Debug|Any CPU = Debug|Any CPU
		Release|Any CPU = Release|Any CPU
	EndGlobalSection
	GlobalSection(ProjectConfigurationPlatforms) = postSolution
		{B548C0F9-BB30-444B-AC6B-65FD9807C918}.Debug|Any CPU.ActiveCfg = Debug|Any CPU
		{B548C0F9-BB30-444B-AC6B-65FD9807C918}.Debug|Any CPU.Build.0 = Debug|Any CPU
		{B548C0F9-BB30-444B-AC6B-65FD9807C918}.Release|Any CPU.ActiveCfg = Release|Any CPU
		{B548C0F9-BB30-444B-AC6B-65FD9807C918}.Release|Any CPU.Build.0 = Release|Any CPU
	EndGlobalSection
	GlobalSection(SolutionProperties) = preSolution
		HideSolutionNode = FALSE
	EndGlobalSection
	GlobalSection(ExtensibilityGlobals) = postSolution
		SolutionGuid = {014DDF40-3B14-470C-96FF-8E08CFDC4E81}
	EndGlobalSection
EndGlobal
